
Microsoft Visual Studio Solution File, Format Version 12.00
# Visual Studio 14
VisualStudioVersion = 14.0.25420.1
MinimumVisualStudioVersion = 10.0.40219.1
Project("{FAE04EC0-301F-11D3-BF4B-00C04F79EFBC}") = "PrintLongSequence", "PrintLongSequence\PrintLongSequence\PrintLongSequence.csproj", "{C4733781-36BC-4808-99EF-2C93E4D48C50}"
EndProject
Project("{FAE04EC0-301F-11D3-BF4B-00C04F79EFBC}") = "Age", "Age\Age\Age.csproj", "{9CDC7DCE-CEB8-4175-A08B-42220762FD70}"
EndProject
Project("{FAE04EC0-301F-11D3-BF4B-00C04F79EFBC}") = "HelloCSharp", "HelloCSharp\HelloCSharp\HelloCSharp.csproj", "{619769A8-9B0A-4211-8F23-CF43CAC98C98}"
EndProject
Project("{FAE04EC0-301F-11D3-BF4B-00C04F79EFBC}") = "MyFirstCSharp", "MyFirstCSharp\MyFirstCSharp\MyFirstCSharp.csproj", "{16C12673-0020-4783-97DB-10E86099E0B6}"
EndProject
Project("{FAE04EC0-301F-11D3-BF4B-00C04F79EFBC}") = "PrintMyName", "PrintMyName\PrintMyName\PrintMyName.csproj", "{4AFBF7DA-0233-4F6F-86DD-9FEF88EB32F4}"
EndProject
Project("{FAE04EC0-301F-11D3-BF4B-00C04F79EFBC}") = "PrintNumbers", "PrintNumbers\PrintNumbers\PrintNumbers.csproj", "{D0148BD5-B1E0-4EE6-B8F6-820FB837D527}"
EndProject
Project("{FAE04EC0-301F-11D3-BF4B-00C04F79EFBC}") = "PrintSequence", "PrintSequence\PrintSequence\PrintSequence.csproj", "{6C0EA724-A60C-4CEA-8406-40343C7EC5BE}"
EndProject
Project("{FAE04EC0-301F-11D3-BF4B-00C04F79EFBC}") = "SquareRoot", "SquareRoot\SquareRoot\SquareRoot.csproj", "{7232B4C0-2E12-4A69-B90B-0F5F6DA6F8F8}"
EndProject
Project("{2150E333-8FDC-42A3-9474-1A3956D46DE8}") = "IntroProgramingHomework", "IntroProgramingHomework", "{24FF8581-4182-4C9A-AEEA-056574333D0C}"
EndProject
Project("{2150E333-8FDC-42A3-9474-1A3956D46DE8}") = "DataTypes", "DataTypes", "{65482CD2-B02C-488A-8DEB-9B51B43AEC97}"
EndProject
Project("{FAE04EC0-301F-11D3-BF4B-00C04F79EFBC}") = "DeclareVariables", "DeclareVariables\DeclareVariables.csproj", "{191FD9E6-3E58-4240-AF8A-BFF90D4E4BA3}"
EndProject
Project("{FAE04EC0-301F-11D3-BF4B-00C04F79EFBC}") = "FloatOrDouble", "FloatOrDouble\FloatOrDouble.csproj", "{DEFF96C4-F423-463C-8FBC-D625B18873C0}"
EndProject
Project("{FAE04EC0-301F-11D3-BF4B-00C04F79EFBC}") = "VariableInHexadecimalFormat", "VariableInHexadecimalFormat\VariableInHexadecimalFormat.csproj", "{6E79F6DA-3020-4E4A-A3B7-F851CC37A3EC}"
EndProject
Project("{FAE04EC0-301F-11D3-BF4B-00C04F79EFBC}") = "UnicodeCharacter", "UnicodeCharacter\UnicodeCharacter.csproj", "{2784537F-0762-4585-B6F4-1A0B15C4A094}"
EndProject
Project("{FAE04EC0-301F-11D3-BF4B-00C04F79EFBC}") = "QuatesInStrings", "QuatesInStrings\QuatesInStrings.csproj", "{3135B96B-BDF7-4289-BBDB-16BB13FC967D}"
EndProject
Project("{FAE04EC0-301F-11D3-BF4B-00C04F79EFBC}") = "ComparingFloats", "ComparingFloats\ComparingFloats.csproj", "{13B00BF5-34A4-4A54-A2D0-D73EE4E1F454}"
EndProject
Project("{FAE04EC0-301F-11D3-BF4B-00C04F79EFBC}") = "PrintTheASCIITable", "PrintTheASCIITable\PrintTheASCIITable.csproj", "{1AB522EE-5241-4EEF-A35F-7E1C520172CE}"
EndProject
Project("{FAE04EC0-301F-11D3-BF4B-00C04F79EFBC}") = "StringsAndObjects", "..\CSharp\Intro-Programming-Homework\Strings and Objects\StringsAndObjects.csproj", "{EC4C46AE-958E-40CC-921B-7A5A65A87F02}"
EndProject
Project("{FAE04EC0-301F-11D3-BF4B-00C04F79EFBC}") = "EmployeeData", "..\CSharp\Intro-Programming-Homework\EmployeeData\EmployeeData.csproj", "{C8B52EC9-902A-4B45-97EC-18DADC545FD9}"
EndProject
Project("{FAE04EC0-301F-11D3-BF4B-00C04F79EFBC}") = "ExchangeVariableValues", "..\CSharp\Intro-Programming-Homework\ExchangeVariableValues\ExchangeVariableValues.csproj", "{8552B66A-147F-45BC-8CBC-1E88BFECE2ED}"
EndProject
Project("{FAE04EC0-301F-11D3-BF4B-00C04F79EFBC}") = "IsoscelesTriangle", "IsoscelesTriangle\IsoscelesTriangle.csproj", "{46DA5994-7B3D-4534-B2EC-82FB02504BFA}"
EndProject
Project("{2150E333-8FDC-42A3-9474-1A3956D46DE8}") = "OperatorsAndExpressionsHomework", "OperatorsAndExpressionsHomework", "{A69523EB-C707-4900-9514-44CBA1D1578D}"
EndProject
Project("{FAE04EC0-301F-11D3-BF4B-00C04F79EFBC}") = "OddOrEven", "OddOrEven\OddOrEven.csproj", "{7BFC1182-4B5D-43B9-A1A0-3B62AE470488}"
EndProject
Project("{FAE04EC0-301F-11D3-BF4B-00C04F79EFBC}") = "MoonGravity", "MoonGravity\MoonGravity.csproj", "{9278CEE7-EA3F-419B-B9D6-D3528E9055AC}"
EndProject
Project("{FAE04EC0-301F-11D3-BF4B-00C04F79EFBC}") = "Devideby7and5", "ConsoleApplication1\Devideby7and5.csproj", "{1230BB8A-15E4-494B-B0B0-638CCBCC1F2B}"
EndProject
Global
	GlobalSection(SolutionConfigurationPlatforms) = preSolution
		Debug|Any CPU = Debug|Any CPU
		Release|Any CPU = Release|Any CPU
	EndGlobalSection
	GlobalSection(ProjectConfigurationPlatforms) = postSolution
		{C4733781-36BC-4808-99EF-2C93E4D48C50}.Debug|Any CPU.ActiveCfg = Debug|Any CPU
		{C4733781-36BC-4808-99EF-2C93E4D48C50}.Debug|Any CPU.Build.0 = Debug|Any CPU
		{C4733781-36BC-4808-99EF-2C93E4D48C50}.Release|Any CPU.ActiveCfg = Release|Any CPU
		{C4733781-36BC-4808-99EF-2C93E4D48C50}.Release|Any CPU.Build.0 = Release|Any CPU
		{9CDC7DCE-CEB8-4175-A08B-42220762FD70}.Debug|Any CPU.ActiveCfg = Debug|Any CPU
		{9CDC7DCE-CEB8-4175-A08B-42220762FD70}.Debug|Any CPU.Build.0 = Debug|Any CPU
		{9CDC7DCE-CEB8-4175-A08B-42220762FD70}.Release|Any CPU.ActiveCfg = Release|Any CPU
		{9CDC7DCE-CEB8-4175-A08B-42220762FD70}.Release|Any CPU.Build.0 = Release|Any CPU
		{619769A8-9B0A-4211-8F23-CF43CAC98C98}.Debug|Any CPU.ActiveCfg = Debug|Any CPU
		{619769A8-9B0A-4211-8F23-CF43CAC98C98}.Debug|Any CPU.Build.0 = Debug|Any CPU
		{619769A8-9B0A-4211-8F23-CF43CAC98C98}.Release|Any CPU.ActiveCfg = Release|Any CPU
		{619769A8-9B0A-4211-8F23-CF43CAC98C98}.Release|Any CPU.Build.0 = Release|Any CPU
		{16C12673-0020-4783-97DB-10E86099E0B6}.Debug|Any CPU.ActiveCfg = Debug|Any CPU
		{16C12673-0020-4783-97DB-10E86099E0B6}.Debug|Any CPU.Build.0 = Debug|Any CPU
		{16C12673-0020-4783-97DB-10E86099E0B6}.Release|Any CPU.ActiveCfg = Release|Any CPU
		{16C12673-0020-4783-97DB-10E86099E0B6}.Release|Any CPU.Build.0 = Release|Any CPU
		{4AFBF7DA-0233-4F6F-86DD-9FEF88EB32F4}.Debug|Any CPU.ActiveCfg = Debug|Any CPU
		{4AFBF7DA-0233-4F6F-86DD-9FEF88EB32F4}.Debug|Any CPU.Build.0 = Debug|Any CPU
		{4AFBF7DA-0233-4F6F-86DD-9FEF88EB32F4}.Release|Any CPU.ActiveCfg = Release|Any CPU
		{4AFBF7DA-0233-4F6F-86DD-9FEF88EB32F4}.Release|Any CPU.Build.0 = Release|Any CPU
		{D0148BD5-B1E0-4EE6-B8F6-820FB837D527}.Debug|Any CPU.ActiveCfg = Debug|Any CPU
		{D0148BD5-B1E0-4EE6-B8F6-820FB837D527}.Debug|Any CPU.Build.0 = Debug|Any CPU
		{D0148BD5-B1E0-4EE6-B8F6-820FB837D527}.Release|Any CPU.ActiveCfg = Release|Any CPU
		{D0148BD5-B1E0-4EE6-B8F6-820FB837D527}.Release|Any CPU.Build.0 = Release|Any CPU
		{6C0EA724-A60C-4CEA-8406-40343C7EC5BE}.Debug|Any CPU.ActiveCfg = Debug|Any CPU
		{6C0EA724-A60C-4CEA-8406-40343C7EC5BE}.Debug|Any CPU.Build.0 = Debug|Any CPU
		{6C0EA724-A60C-4CEA-8406-40343C7EC5BE}.Release|Any CPU.ActiveCfg = Release|Any CPU
		{6C0EA724-A60C-4CEA-8406-40343C7EC5BE}.Release|Any CPU.Build.0 = Release|Any CPU
		{7232B4C0-2E12-4A69-B90B-0F5F6DA6F8F8}.Debug|Any CPU.ActiveCfg = Debug|Any CPU
		{7232B4C0-2E12-4A69-B90B-0F5F6DA6F8F8}.Debug|Any CPU.Build.0 = Debug|Any CPU
		{7232B4C0-2E12-4A69-B90B-0F5F6DA6F8F8}.Release|Any CPU.ActiveCfg = Release|Any CPU
		{7232B4C0-2E12-4A69-B90B-0F5F6DA6F8F8}.Release|Any CPU.Build.0 = Release|Any CPU
		{191FD9E6-3E58-4240-AF8A-BFF90D4E4BA3}.Debug|Any CPU.ActiveCfg = Debug|Any CPU
		{191FD9E6-3E58-4240-AF8A-BFF90D4E4BA3}.Debug|Any CPU.Build.0 = Debug|Any CPU
		{191FD9E6-3E58-4240-AF8A-BFF90D4E4BA3}.Release|Any CPU.ActiveCfg = Release|Any CPU
		{191FD9E6-3E58-4240-AF8A-BFF90D4E4BA3}.Release|Any CPU.Build.0 = Release|Any CPU
		{DEFF96C4-F423-463C-8FBC-D625B18873C0}.Debug|Any CPU.ActiveCfg = Debug|Any CPU
		{DEFF96C4-F423-463C-8FBC-D625B18873C0}.Debug|Any CPU.Build.0 = Debug|Any CPU
		{DEFF96C4-F423-463C-8FBC-D625B18873C0}.Release|Any CPU.ActiveCfg = Release|Any CPU
		{DEFF96C4-F423-463C-8FBC-D625B18873C0}.Release|Any CPU.Build.0 = Release|Any CPU
		{6E79F6DA-3020-4E4A-A3B7-F851CC37A3EC}.Debug|Any CPU.ActiveCfg = Debug|Any CPU
		{6E79F6DA-3020-4E4A-A3B7-F851CC37A3EC}.Debug|Any CPU.Build.0 = Debug|Any CPU
		{6E79F6DA-3020-4E4A-A3B7-F851CC37A3EC}.Release|Any CPU.ActiveCfg = Release|Any CPU
		{6E79F6DA-3020-4E4A-A3B7-F851CC37A3EC}.Release|Any CPU.Build.0 = Release|Any CPU
		{2784537F-0762-4585-B6F4-1A0B15C4A094}.Debug|Any CPU.ActiveCfg = Debug|Any CPU
		{2784537F-0762-4585-B6F4-1A0B15C4A094}.Debug|Any CPU.Build.0 = Debug|Any CPU
		{2784537F-0762-4585-B6F4-1A0B15C4A094}.Release|Any CPU.ActiveCfg = Release|Any CPU
		{2784537F-0762-4585-B6F4-1A0B15C4A094}.Release|Any CPU.Build.0 = Release|Any CPU
		{3135B96B-BDF7-4289-BBDB-16BB13FC967D}.Debug|Any CPU.ActiveCfg = Debug|Any CPU
		{3135B96B-BDF7-4289-BBDB-16BB13FC967D}.Debug|Any CPU.Build.0 = Debug|Any CPU
		{3135B96B-BDF7-4289-BBDB-16BB13FC967D}.Release|Any CPU.ActiveCfg = Release|Any CPU
		{3135B96B-BDF7-4289-BBDB-16BB13FC967D}.Release|Any CPU.Build.0 = Release|Any CPU
		{13B00BF5-34A4-4A54-A2D0-D73EE4E1F454}.Debug|Any CPU.ActiveCfg = Debug|Any CPU
		{13B00BF5-34A4-4A54-A2D0-D73EE4E1F454}.Debug|Any CPU.Build.0 = Debug|Any CPU
		{13B00BF5-34A4-4A54-A2D0-D73EE4E1F454}.Release|Any CPU.ActiveCfg = Release|Any CPU
		{13B00BF5-34A4-4A54-A2D0-D73EE4E1F454}.Release|Any CPU.Build.0 = Release|Any CPU
		{1AB522EE-5241-4EEF-A35F-7E1C520172CE}.Debug|Any CPU.ActiveCfg = Debug|Any CPU
		{1AB522EE-5241-4EEF-A35F-7E1C520172CE}.Debug|Any CPU.Build.0 = Debug|Any CPU
		{1AB522EE-5241-4EEF-A35F-7E1C520172CE}.Release|Any CPU.ActiveCfg = Release|Any CPU
		{1AB522EE-5241-4EEF-A35F-7E1C520172CE}.Release|Any CPU.Build.0 = Release|Any CPU
		{EC4C46AE-958E-40CC-921B-7A5A65A87F02}.Debug|Any CPU.ActiveCfg = Debug|Any CPU
		{EC4C46AE-958E-40CC-921B-7A5A65A87F02}.Debug|Any CPU.Build.0 = Debug|Any CPU
		{EC4C46AE-958E-40CC-921B-7A5A65A87F02}.Release|Any CPU.ActiveCfg = Release|Any CPU
		{EC4C46AE-958E-40CC-921B-7A5A65A87F02}.Release|Any CPU.Build.0 = Release|Any CPU
		{C8B52EC9-902A-4B45-97EC-18DADC545FD9}.Debug|Any CPU.ActiveCfg = Debug|Any CPU
		{C8B52EC9-902A-4B45-97EC-18DADC545FD9}.Debug|Any CPU.Build.0 = Debug|Any CPU
		{C8B52EC9-902A-4B45-97EC-18DADC545FD9}.Release|Any CPU.ActiveCfg = Release|Any CPU
		{C8B52EC9-902A-4B45-97EC-18DADC545FD9}.Release|Any CPU.Build.0 = Release|Any CPU
		{8552B66A-147F-45BC-8CBC-1E88BFECE2ED}.Debug|Any CPU.ActiveCfg = Debug|Any CPU
		{8552B66A-147F-45BC-8CBC-1E88BFECE2ED}.Debug|Any CPU.Build.0 = Debug|Any CPU
		{8552B66A-147F-45BC-8CBC-1E88BFECE2ED}.Release|Any CPU.ActiveCfg = Release|Any CPU
		{8552B66A-147F-45BC-8CBC-1E88BFECE2ED}.Release|Any CPU.Build.0 = Release|Any CPU
		{46DA5994-7B3D-4534-B2EC-82FB02504BFA}.Debug|Any CPU.ActiveCfg = Debug|Any CPU
		{46DA5994-7B3D-4534-B2EC-82FB02504BFA}.Debug|Any CPU.Build.0 = Debug|Any CPU
		{46DA5994-7B3D-4534-B2EC-82FB02504BFA}.Release|Any CPU.ActiveCfg = Release|Any CPU
		{46DA5994-7B3D-4534-B2EC-82FB02504BFA}.Release|Any CPU.Build.0 = Release|Any CPU
		{7BFC1182-4B5D-43B9-A1A0-3B62AE470488}.Debug|Any CPU.ActiveCfg = Debug|Any CPU
		{7BFC1182-4B5D-43B9-A1A0-3B62AE470488}.Debug|Any CPU.Build.0 = Debug|Any CPU
		{7BFC1182-4B5D-43B9-A1A0-3B62AE470488}.Release|Any CPU.ActiveCfg = Release|Any CPU
		{7BFC1182-4B5D-43B9-A1A0-3B62AE470488}.Release|Any CPU.Build.0 = Release|Any CPU
		{9278CEE7-EA3F-419B-B9D6-D3528E9055AC}.Debug|Any CPU.ActiveCfg = Debug|Any CPU
		{9278CEE7-EA3F-419B-B9D6-D3528E9055AC}.Debug|Any CPU.Build.0 = Debug|Any CPU
		{9278CEE7-EA3F-419B-B9D6-D3528E9055AC}.Release|Any CPU.ActiveCfg = Release|Any CPU
		{9278CEE7-EA3F-419B-B9D6-D3528E9055AC}.Release|Any CPU.Build.0 = Release|Any CPU
		{1230BB8A-15E4-494B-B0B0-638CCBCC1F2B}.Debug|Any CPU.ActiveCfg = Debug|Any CPU
		{1230BB8A-15E4-494B-B0B0-638CCBCC1F2B}.Debug|Any CPU.Build.0 = Debug|Any CPU
		{1230BB8A-15E4-494B-B0B0-638CCBCC1F2B}.Release|Any CPU.ActiveCfg = Release|Any CPU
		{1230BB8A-15E4-494B-B0B0-638CCBCC1F2B}.Release|Any CPU.Build.0 = Release|Any CPU
	EndGlobalSection
	GlobalSection(SolutionProperties) = preSolution
		HideSolutionNode = FALSE
	EndGlobalSection
	GlobalSection(NestedProjects) = preSolution
		{C4733781-36BC-4808-99EF-2C93E4D48C50} = {24FF8581-4182-4C9A-AEEA-056574333D0C}
		{9CDC7DCE-CEB8-4175-A08B-42220762FD70} = {24FF8581-4182-4C9A-AEEA-056574333D0C}
		{619769A8-9B0A-4211-8F23-CF43CAC98C98} = {24FF8581-4182-4C9A-AEEA-056574333D0C}
		{16C12673-0020-4783-97DB-10E86099E0B6} = {24FF8581-4182-4C9A-AEEA-056574333D0C}
		{4AFBF7DA-0233-4F6F-86DD-9FEF88EB32F4} = {24FF8581-4182-4C9A-AEEA-056574333D0C}
		{D0148BD5-B1E0-4EE6-B8F6-820FB837D527} = {24FF8581-4182-4C9A-AEEA-056574333D0C}
		{6C0EA724-A60C-4CEA-8406-40343C7EC5BE} = {24FF8581-4182-4C9A-AEEA-056574333D0C}
		{7232B4C0-2E12-4A69-B90B-0F5F6DA6F8F8} = {24FF8581-4182-4C9A-AEEA-056574333D0C}
		{191FD9E6-3E58-4240-AF8A-BFF90D4E4BA3} = {65482CD2-B02C-488A-8DEB-9B51B43AEC97}
		{DEFF96C4-F423-463C-8FBC-D625B18873C0} = {65482CD2-B02C-488A-8DEB-9B51B43AEC97}
		{6E79F6DA-3020-4E4A-A3B7-F851CC37A3EC} = {65482CD2-B02C-488A-8DEB-9B51B43AEC97}
		{2784537F-0762-4585-B6F4-1A0B15C4A094} = {65482CD2-B02C-488A-8DEB-9B51B43AEC97}
		{3135B96B-BDF7-4289-BBDB-16BB13FC967D} = {65482CD2-B02C-488A-8DEB-9B51B43AEC97}
		{13B00BF5-34A4-4A54-A2D0-D73EE4E1F454} = {65482CD2-B02C-488A-8DEB-9B51B43AEC97}
		{1AB522EE-5241-4EEF-A35F-7E1C520172CE} = {65482CD2-B02C-488A-8DEB-9B51B43AEC97}
		{EC4C46AE-958E-40CC-921B-7A5A65A87F02} = {65482CD2-B02C-488A-8DEB-9B51B43AEC97}
		{C8B52EC9-902A-4B45-97EC-18DADC545FD9} = {65482CD2-B02C-488A-8DEB-9B51B43AEC97}
		{8552B66A-147F-45BC-8CBC-1E88BFECE2ED} = {65482CD2-B02C-488A-8DEB-9B51B43AEC97}
		{46DA5994-7B3D-4534-B2EC-82FB02504BFA} = {65482CD2-B02C-488A-8DEB-9B51B43AEC97}
		{7BFC1182-4B5D-43B9-A1A0-3B62AE470488} = {A69523EB-C707-4900-9514-44CBA1D1578D}
		{9278CEE7-EA3F-419B-B9D6-D3528E9055AC} = {A69523EB-C707-4900-9514-44CBA1D1578D}
		{1230BB8A-15E4-494B-B0B0-638CCBCC1F2B} = {A69523EB-C707-4900-9514-44CBA1D1578D}
	EndGlobalSection
EndGlobal
